
Microsoft Visual Studio Solution File, Format Version 12.00
# Visual Studio Version 16
VisualStudioVersion = 16.0.30611.23
MinimumVisualStudioVersion = 10.0.40219.1
Project("{FAE04EC0-301F-11D3-BF4B-00C04F79EFBC}") = "MidTerm", "MidTerm\MidTerm.csproj", "{C6CB8B56-BB59-4D04-9275-F5C695E30777}"
EndProject
Global
	GlobalSection(SolutionConfigurationPlatforms) = preSolution
		Debug|Any CPU = Debug|Any CPU
		Release|Any CPU = Release|Any CPU
	EndGlobalSection
	GlobalSection(ProjectConfigurationPlatforms) = postSolution
		{C6CB8B56-BB59-4D04-9275-F5C695E30777}.Debug|Any CPU.ActiveCfg = Debug|Any CPU
		{C6CB8B56-BB59-4D04-9275-F5C695E30777}.Debug|Any CPU.Build.0 = Debug|Any CPU
		{C6CB8B56-BB59-4D04-9275-F5C695E30777}.Release|Any CPU.ActiveCfg = Release|Any CPU
		{C6CB8B56-BB59-4D04-9275-F5C695E30777}.Release|Any CPU.Build.0 = Release|Any CPU
	EndGlobalSection
	GlobalSection(SolutionProperties) = preSolution
		HideSolutionNode = FALSE
	EndGlobalSection
	GlobalSection(ExtensibilityGlobals) = postSolution
		SolutionGuid = {EFBD1856-886E-49E3-8F7C-420941B6894B}
	EndGlobalSection
EndGlobal
